
Microsoft Visual Studio Solution File, Format Version 12.00
# Visual Studio Version 17
VisualStudioVersion = 17.2.32526.322
MinimumVisualStudioVersion = 10.0.40219.1
Project("{FAE04EC0-301F-11D3-BF4B-00C04F79EFBC}") = "PRG2Assignment", "PRG2Assignment\PRG2Assignment.csproj", "{F068C6B6-44E6-4139-9677-235B10E972D5}"
EndProject
Global
	GlobalSection(SolutionConfigurationPlatforms) = preSolution
		Debug|Any CPU = Debug|Any CPU
		Release|Any CPU = Release|Any CPU
	EndGlobalSection
	GlobalSection(ProjectConfigurationPlatforms) = postSolution
		{F068C6B6-44E6-4139-9677-235B10E972D5}.Debug|Any CPU.ActiveCfg = Debug|Any CPU
		{F068C6B6-44E6-4139-9677-235B10E972D5}.Debug|Any CPU.Build.0 = Debug|Any CPU
		{F068C6B6-44E6-4139-9677-235B10E972D5}.Release|Any CPU.ActiveCfg = Release|Any CPU
		{F068C6B6-44E6-4139-9677-235B10E972D5}.Release|Any CPU.Build.0 = Release|Any CPU
	EndGlobalSection
	GlobalSection(SolutionProperties) = preSolution
		HideSolutionNode = FALSE
	EndGlobalSection
	GlobalSection(ExtensibilityGlobals) = postSolution
		SolutionGuid = {773E0BCD-BB98-49EF-8755-65BA9905E95A}
	EndGlobalSection
EndGlobal
